
Microsoft Visual Studio Solution File, Format Version 12.00
# Visual Studio Version 17
VisualStudioVersion = 17.11.35222.181
MinimumVisualStudioVersion = 10.0.40219.1
Project("{FAE04EC0-301F-11D3-BF4B-00C04F79EFBC}") = "BulkyWeb", "BulkyWeb\BulkyWeb.csproj", "{9CEC88B4-0525-4D05-AD20-5EB84192C57B}"
EndProject
Global
	GlobalSection(SolutionConfigurationPlatforms) = preSolution
		Debug|Any CPU = Debug|Any CPU
		Release|Any CPU = Release|Any CPU
	EndGlobalSection
	GlobalSection(ProjectConfigurationPlatforms) = postSolution
		{9CEC88B4-0525-4D05-AD20-5EB84192C57B}.Debug|Any CPU.ActiveCfg = Debug|Any CPU
		{9CEC88B4-0525-4D05-AD20-5EB84192C57B}.Debug|Any CPU.Build.0 = Debug|Any CPU
		{9CEC88B4-0525-4D05-AD20-5EB84192C57B}.Release|Any CPU.ActiveCfg = Release|Any CPU
		{9CEC88B4-0525-4D05-AD20-5EB84192C57B}.Release|Any CPU.Build.0 = Release|Any CPU
	EndGlobalSection
	GlobalSection(SolutionProperties) = preSolution
		HideSolutionNode = FALSE
	EndGlobalSection
	GlobalSection(ExtensibilityGlobals) = postSolution
		SolutionGuid = {75B1F028-E66D-4C10-B0C2-38C578D0E7E6}
	EndGlobalSection
EndGlobal
